# This file is autogenerated, do not edit; changes may be undone by the next 'dep ensure'.


[[projects]]
  name = "github.com/SermoDigital/jose"
  packages = [
    ".",
    "crypto",
    "jws",
    "jwt"
  ]
  revision = "2bd9b81ac51d6d6134fcd4fd846bd2e7347a15f9"

[[projects]]
  name = "github.com/bsm/openrtb"
  packages = [
    ".",
    "native/request",
    "native/response"
  ]
  revision = "197918635afa32b6e0d971921926f61671cfc092"

[[projects]]
  branch = "master"
  name = "github.com/clickyab/services"
  packages = [
    "aredis",
    "array",
    "assert",
    "broker",
    "broker/mock",
    "broker/rabbitmq",
    "broker/selector",
    "config",
    "framework",
    "framework/middleware",
    "framework/router",
    "gettext/internal/t9",
    "gettext/t9e",
    "gettext/t9s",
    "healthz",
    "initializer",
    "ip2location",
    "kv",
    "kv/mock",
    "kv/redis",
    "migration",
    "mysql",
    "mysql/connection/mysql",
    "pool",
    "pool/drivers/cachepool",
    "pool/drivers/memorypool",
    "random",
    "safe",
    "shell",
    "simplehash",
    "slack",
    "store",
    "store/jwt",
    "trans",
    "version",
    "xlog"
  ]
  revision = "6c6febf730a58bdc682d450de127b34d111f1db3"

[[projects]]
  branch = "master"
  name = "github.com/fzerorubigd/expand"
  packages = ["."]
  revision = "fd359294116f3987dc04c5987782f845e99e9f42"

[[projects]]
  branch = "master"
  name = "github.com/fzerorubigd/sql-migrate"
  packages = ["."]
  revision = "9442fb9c36cbacedcc66511437a4836429fc552c"

[[projects]]
  name = "github.com/go-redis/redis"
  packages = [
    ".",
    "internal",
    "internal/consistenthash",
    "internal/hashtag",
    "internal/pool",
    "internal/proto"
  ]
  revision = "d0f86971b5d61de9cebd2616b932acb7ba14d957"
  version = "v6.7.3"

[[projects]]
  name = "github.com/go-sql-driver/mysql"
  packages = ["."]
  revision = "a0583e0143b1624142adab07e0e97fe106d99561"
  version = "v1.3"

[[projects]]
  name = "github.com/golang/mock"
  packages = ["gomock"]
  revision = "13f360950a79f5864a972c786a10a50e44b69541"
  version = "v1.0.0"

[[projects]]
  name = "github.com/gopherjs/gopherjs"
  packages = ["js"]
  revision = "6997325cc76f13635f68ad9e1c38544966eb7de2"

[[projects]]
  name = "github.com/jtolds/gls"
  packages = ["."]
  revision = "77f18212c9c7edc9bd6a33d383a7b545ce62f064"
  version = "v4.2.1"

[[projects]]
  name = "github.com/mitchellh/mapstructure"
  packages = ["."]
  revision = "06020f85339e21b2478f756a78e295255ffa4d6a"

[[projects]]
  name = "github.com/mssola/user_agent"
  packages = ["."]
  revision = "07efe2b857fb8c02d2dd85c12d0145f58554ec7c"

[[projects]]
  name = "github.com/rs/cors"
  packages = ["."]
  revision = "eabcc6af4bbe5ad3a949d36450326a2b0b9894b8"

[[projects]]
  name = "github.com/rs/vast"
  packages = ["."]
  revision = "c6489585200f1a2f365623cb318f6cd40ee68dd0"

[[projects]]
  branch = "master"
  name = "github.com/rs/vmap"
  packages = ["."]
  revision = "0ea602459e7677460656619507890f48c5abce9c"

[[projects]]
  branch = "master"
  name = "github.com/rs/xhandler"
  packages = ["."]
  revision = "1eb70cf1520d43c307a89c5dabb7a7efd132fccd"

[[projects]]
  branch = "master"
  name = "github.com/rs/xmux"
  packages = ["."]
  revision = "d379109ea970568fad9197dd3795934ba1a85c05"

[[projects]]
  name = "github.com/rubenv/sql-migrate"
  packages = ["sqlparse"]
  revision = "79fe99e24311fa42469fb2ca23eb3f8f065e6155"

[[projects]]
  name = "github.com/sirupsen/logrus"
  packages = ["."]
  revision = "89742aefa4b206dcf400792f3bd35b542998eb3b"

[[projects]]
  name = "github.com/smartystreets/assertions"
  packages = [
    ".",
    "internal/go-render/render",
    "internal/oglematchers"
  ]
  revision = "f8459f92181409546d2762c9e9c4bedc23c92d76"

[[projects]]
  name = "github.com/smartystreets/goconvey"
  packages = [
    "convey",
    "convey/gotest",
    "convey/reporting"
  ]
  revision = "af8e7d560364b90f732a1d119d17b5506e50447d"

[[projects]]
  name = "github.com/streadway/amqp"
  packages = ["."]
  revision = "dfe15e36048539f4cda41f240b27a5ca25b9cd46"

[[projects]]
  name = "golang.org/x/crypto"
  packages = ["ssh/terminal"]
  revision = "81e90905daefcd6fd217b62423c0908922eadb30"

[[projects]]
  branch = "master"
  name = "golang.org/x/net"
  packages = ["context"]
  revision = "61147c48b25b599e5b561d2e9c4f3e1ef489ca41"

[[projects]]
  name = "golang.org/x/sys"
  packages = [
    "unix",
    "windows"
  ]
  revision = "9aade4d3a3b7e6d876cd3823ad20ec45fc035402"

[[projects]]
  name = "gopkg.in/fzerorubigd/onion.v3"
  packages = [
    ".",
    "extraenv",
    "yamlloader"
  ]
  revision = "21ad47ed240a3d9e517c900435b371ed2c4bbd94"

[[projects]]
  name = "gopkg.in/gorp.v2"
  packages = ["."]
  revision = "4deece61034873cb5b5416e81abe4cea7bd0da72"
  version = "v2.0.0"

[[projects]]
  name = "gopkg.in/yaml.v2"
  packages = ["."]
  revision = "eb3733d160e74a9c7e442f435eb3bea458e1d19f"

[solve-meta]
  analyzer-name = "dep"
  analyzer-version = 1
  inputs-digest = "7dbaa0d33a0cd977b8b74eefcefa74636200def0ac018de521b71e63d477f2cf"
  solver-name = "gps-cdcl"
  solver-version = 1
