# This file is autogenerated, do not edit; changes may be undone by the next 'dep ensure'.


[[projects]]
  digest = "1:a69ab3f1445ffd4815add4bd31ba05b65b3b9fec1ade5057d5d717f30e6efd6d"
  name = "github.com/SermoDigital/jose"
  packages = [
    ".",
    "crypto",
    "jws",
    "jwt",
  ]
  pruneopts = "UT"
  revision = "f6df55f235c24f236d11dbcf665249a59ac2021f"
  version = "1.1"

[[projects]]
  digest = "1:07e1c81c613f76b06e968d320d6c0c1e71d4b87fe0e292986d25783d140c5980"
  name = "github.com/bsm/openrtb"
  packages = [
    ".",
    "native/response",
  ]
  pruneopts = "UT"
  revision = "dde43bcfdf56ce6ddf3fb38714f09b18dbeee712"
  version = "v2.1.1"

[[projects]]
  branch = "master"
  digest = "1:60ea038c342a111546147a57db08485e0c3151a9820ec37d0e08c9209fad552b"
  name = "github.com/clickyab/services"
  packages = [
    "aredis",
    "array",
    "assert",
    "broker",
    "broker/mock",
    "broker/rabbitmq",
    "broker/selector",
    "config",
    "framework",
    "framework/middleware",
    "framework/router",
    "gettext/internal/t9",
    "gettext/t9e",
    "gettext/t9s",
    "healthz",
    "initializer",
    "ip2location",
    "kv",
    "kv/mock",
    "kv/redis",
    "migration",
    "mysql",
    "mysql/connection/mysql",
    "pool",
    "pool/drivers/cachepool",
    "pool/drivers/memorypool",
    "random",
    "safe",
    "shell",
    "simplehash",
    "slack",
    "store",
    "store/jwt",
    "trans",
    "version",
    "xlog",
  ]
  pruneopts = "UT"
  revision = "582237159a30948ecfce14e39b6a919e4278f6a7"

[[projects]]
  digest = "1:ffe9824d294da03b391f44e1ae8281281b4afc1bdaa9588c9097785e3af10cec"
  name = "github.com/davecgh/go-spew"
  packages = ["spew"]
  pruneopts = "UT"
  revision = "8991bc29aa16c548c550c7ff78260e27b9ab7c73"
  version = "v1.1.1"

[[projects]]
  branch = "master"
  digest = "1:9544ae7e7860942e709badff54b734f2916ccc22b7a3089638b1ed9c9f9fdb73"
  name = "github.com/fzerorubigd/expand"
  packages = ["."]
  pruneopts = "UT"
  revision = "fd359294116f3987dc04c5987782f845e99e9f42"

[[projects]]
  branch = "master"
  digest = "1:bf7b088c349e2a2bed1584f6fe7dbf9a64bf3ee9a3ba255e1ab10d4df03b77dc"
  name = "github.com/fzerorubigd/sql-migrate"
  packages = ["."]
  pruneopts = "UT"
  revision = "9442fb9c36cbacedcc66511437a4836429fc552c"

[[projects]]
  digest = "1:7c2fd446293ff7799cc496d3446e674ee67902d119f244de645caf95dff1bb98"
  name = "github.com/go-redis/redis"
  packages = [
    ".",
    "internal",
    "internal/consistenthash",
    "internal/hashtag",
    "internal/pool",
    "internal/proto",
    "internal/singleflight",
    "internal/util",
  ]
  pruneopts = "UT"
  revision = "f3bba01df2026fc865f7782948845db9cf44cf23"
  version = "v6.14.1"

[[projects]]
  digest = "1:adea5a94903eb4384abef30f3d878dc9ff6b6b5b0722da25b82e5169216dfb61"
  name = "github.com/go-sql-driver/mysql"
  packages = ["."]
  pruneopts = "UT"
  revision = "d523deb1b23d913de5bdada721a6071e71283618"
  version = "v1.4.0"

[[projects]]
  digest = "1:bc38c7c481812e178d85160472e231c5e1c9a7f5845d67e23ee4e706933c10d8"
  name = "github.com/golang/mock"
  packages = ["gomock"]
  pruneopts = "UT"
  revision = "c34cdb4725f4c3844d095133c6e40e448b86589b"
  version = "v1.1.1"

[[projects]]
  digest = "1:97df918963298c287643883209a2c3f642e6593379f97ab400c2a2e219ab647d"
  name = "github.com/golang/protobuf"
  packages = ["proto"]
  pruneopts = "UT"
  revision = "aa810b61a9c79d51363740d207bb46cf8e620ed5"
  version = "v1.2.0"

[[projects]]
  branch = "master"
  digest = "1:f14d1b50e0075fb00177f12a96dd7addf93d1e2883c25befd17285b779549795"
  name = "github.com/gopherjs/gopherjs"
  packages = ["js"]
  pruneopts = "UT"
  revision = "0210a2f0f73c96103378b0b935f39868e5731809"

[[projects]]
  digest = "1:1e15f4e455f94aeaedfcf9c75b3e1c449b5acba1551c58446b4b45be507c707b"
  name = "github.com/jtolds/gls"
  packages = ["."]
  pruneopts = "UT"
  revision = "77f18212c9c7edc9bd6a33d383a7b545ce62f064"
  version = "v4.2.1"

[[projects]]
  digest = "1:645110e089152bd0f4a011a2648fbb0e4df5977be73ca605781157ac297f50c4"
  name = "github.com/mitchellh/mapstructure"
  packages = ["."]
  pruneopts = "UT"
  revision = "fa473d140ef3c6adf42d6b391fe76707f1f243c8"
  version = "v1.0.0"

[[projects]]
  digest = "1:9af6e6f3d2b57cf28ff14c411d712e5dfb6ed42f566c7523dbdc066f48a5b0af"
  name = "github.com/mssola/user_agent"
  packages = ["."]
  pruneopts = "UT"
  revision = "85b2f5798558a46fc23443c596e781712f4b7792"
  version = "v0.4.1"

[[projects]]
  digest = "1:0b8dd7447e420afff0260179dc892711e837edd1d446bc78dab924624a3c3c81"
  name = "github.com/rs/cors"
  packages = ["."]
  pruneopts = "UT"
  revision = "3fb1b69b103a84de38a19c3c6ec073dd6caa4d3f"
  version = "v1.5.0"

[[projects]]
  branch = "master"
  digest = "1:3b34b89c01f9edfdc0863d96437ca6f62970566e0aabbc75561699bd9f1e86a9"
  name = "github.com/rs/vast"
  packages = ["."]
  pruneopts = "UT"
  revision = "06597a11a4c307c3a8fd9537dbf0876462aa7d59"

[[projects]]
  branch = "master"
  digest = "1:727bb8045454dc25fdbc55add0508864fe3848eda1b6e451ca90b4f48a9186f6"
  name = "github.com/rs/vmap"
  packages = ["."]
  pruneopts = "UT"
  revision = "0ea602459e7677460656619507890f48c5abce9c"

[[projects]]
  branch = "master"
  digest = "1:fe349f4dc65f459712c9cc4f3f8aba75de1f7abe440c27ce6036878fd84314e3"
  name = "github.com/rs/xhandler"
  packages = ["."]
  pruneopts = "UT"
  revision = "1eb70cf1520d43c307a89c5dabb7a7efd132fccd"

[[projects]]
  branch = "master"
  digest = "1:9dbd2bb948374e147fde4fe38dd0c4447e4209d6380c505be4c44b60381d0782"
  name = "github.com/rs/xmux"
  packages = ["."]
  pruneopts = "UT"
  revision = "d379109ea970568fad9197dd3795934ba1a85c05"

[[projects]]
  branch = "master"
  digest = "1:ffd00bb9a44f29c653b672df93809717a67254d707a65ecedd0d0759f5af14d0"
  name = "github.com/rubenv/sql-migrate"
  packages = ["sqlparse"]
  pruneopts = "UT"
  revision = "3f452fc0ebebbb784fdab91f7bc79a31dcacab5c"

[[projects]]
  digest = "1:d867dfa6751c8d7a435821ad3b736310c2ed68945d05b50fb9d23aee0540c8cc"
  name = "github.com/sirupsen/logrus"
  packages = ["."]
  pruneopts = "UT"
  revision = "3e01752db0189b9157070a0e1668a620f9a85da2"
  version = "v1.0.6"

[[projects]]
  digest = "1:cc1c574c9cb5e99b123888c12b828e2d19224ab6c2244bda34647f230bf33243"
  name = "github.com/smartystreets/assertions"
  packages = [
    ".",
    "internal/go-render/render",
    "internal/oglematchers",
  ]
  pruneopts = "UT"
  revision = "7678a5452ebea5b7090a6b163f844c133f523da2"
  version = "1.8.3"

[[projects]]
  digest = "1:a3e081e593ee8e3b0a9af6a5dcac964c67a40c4f2034b5345b2ad78d05920728"
  name = "github.com/smartystreets/goconvey"
  packages = [
    "convey",
    "convey/gotest",
    "convey/reporting",
  ]
  pruneopts = "UT"
  revision = "9e8dc3f972df6c8fcc0375ef492c24d0bb204857"
  version = "1.6.3"

[[projects]]
  branch = "master"
  digest = "1:0c088044c1c1ee83e723692442df4fec9b3f2e57f7a99773485c97adfbc31695"
  name = "github.com/streadway/amqp"
  packages = ["."]
  pruneopts = "UT"
  revision = "70e15c650864f4fc47f5d3c82ea117285480895d"

[[projects]]
  branch = "master"
  digest = "1:3f3a05ae0b95893d90b9b3b5afdb79a9b3d96e4e36e099d841ae602e4aca0da8"
  name = "golang.org/x/crypto"
  packages = ["ssh/terminal"]
  pruneopts = "UT"
  revision = "0e37d006457bf46f9e6692014ba72ef82c33022c"

[[projects]]
  branch = "master"
  digest = "1:76ee51c3f468493aff39dbacc401e8831fbb765104cbf613b89bef01cf4bad70"
  name = "golang.org/x/net"
  packages = ["context"]
  pruneopts = "UT"
  revision = "26e67e76b6c3f6ce91f7c52def5af501b4e0f3a2"

[[projects]]
  branch = "master"
  digest = "1:374fc90fcb026e9a367e3fad29e988e5dd944b68ca3f24a184d77abc5307dda4"
  name = "golang.org/x/sys"
  packages = [
    "unix",
    "windows",
  ]
  pruneopts = "UT"
  revision = "d0be0721c37eeb5299f245a996a483160fc36940"

[[projects]]
  digest = "1:c25289f43ac4a68d88b02245742347c94f1e108c534dda442188015ff80669b3"
  name = "google.golang.org/appengine"
  packages = ["cloudsql"]
  pruneopts = "UT"
  revision = "b1f26356af11148e710935ed1ac8a7f5702c7612"
  version = "v1.1.0"

[[projects]]
  branch = "v3"
  digest = "1:dbdc088b8e06d3c60b74ac45eeb8489231b5d25ace93c43be71ea9612883cb72"
  name = "gopkg.in/fzerorubigd/onion.v3"
  packages = [
    ".",
    "extraenv",
    "yamlloader",
  ]
  pruneopts = "UT"
  revision = "24b7304a063fad3113a61f54ccbd43dc743d82d1"

[[projects]]
  digest = "1:670d1f29fa2aa15ea777cc5bcf95881f379bf8a71dbbe145be0774da97fede72"
  name = "gopkg.in/gorp.v2"
  packages = ["."]
  pruneopts = "UT"
  revision = "4df78490a9aa9a78b9b02b0c913df8dc1954faee"
  version = "2.1"

[[projects]]
  digest = "1:342378ac4dcb378a5448dd723f0784ae519383532f5e70ade24132c4c8693202"
  name = "gopkg.in/yaml.v2"
  packages = ["."]
  pruneopts = "UT"
  revision = "5420a8b6744d3b0345ab293f6fcba19c978f1183"
  version = "v2.2.1"

[solve-meta]
  analyzer-name = "dep"
  analyzer-version = 1
  input-imports = [
    "github.com/bsm/openrtb/native/response",
    "github.com/clickyab/services/array",
    "github.com/clickyab/services/assert",
    "github.com/clickyab/services/broker",
    "github.com/clickyab/services/broker/selector",
    "github.com/clickyab/services/config",
    "github.com/clickyab/services/framework",
    "github.com/clickyab/services/framework/router",
    "github.com/clickyab/services/gettext/t9e",
    "github.com/clickyab/services/initializer",
    "github.com/clickyab/services/ip2location",
    "github.com/clickyab/services/kv",
    "github.com/clickyab/services/kv/mock",
    "github.com/clickyab/services/kv/redis",
    "github.com/clickyab/services/mysql",
    "github.com/clickyab/services/mysql/connection/mysql",
    "github.com/clickyab/services/pool",
    "github.com/clickyab/services/pool/drivers/cachepool",
    "github.com/clickyab/services/pool/drivers/memorypool",
    "github.com/clickyab/services/random",
    "github.com/clickyab/services/safe",
    "github.com/clickyab/services/shell",
    "github.com/clickyab/services/simplehash",
    "github.com/clickyab/services/slack",
    "github.com/clickyab/services/store/jwt",
    "github.com/clickyab/services/version",
    "github.com/clickyab/services/xlog",
    "github.com/davecgh/go-spew/spew",
    "github.com/golang/mock/gomock",
    "github.com/golang/protobuf/proto",
    "github.com/mitchellh/mapstructure",
    "github.com/mssola/user_agent",
    "github.com/rs/cors",
    "github.com/rs/vast",
    "github.com/rs/vmap",
    "github.com/rs/xhandler",
    "github.com/rs/xmux",
    "github.com/sirupsen/logrus",
    "github.com/smartystreets/goconvey/convey",
  ]
  solver-name = "gps-cdcl"
  solver-version = 1
