{
  "name": "vmap",
  "version": "1.0.0",
  "lockfileVersion": 1,
  "requires": true,
  "dependencies": {
    "@types/xml-js": {
      "version": "1.0.0",
      "resolved": "https://registry.npmjs.org/@types/xml-js/-/xml-js-1.0.0.tgz",
      "integrity": "sha1-8FNa6hzBJvs0/A0KJ4ylmZfIme4=",
      "requires": {
        "xml-js": "1.6.2"
      }
    },
    "babel-runtime": {
      "version": "6.26.0",
      "resolved": "https://registry.npmjs.org/babel-runtime/-/babel-runtime-6.26.0.tgz",
      "integrity": "sha1-llxwWGaOgrVde/4E/yM3vItWR/4=",
      "requires": {
        "core-js": "2.5.3",
        "regenerator-runtime": "0.11.1"
      }
    },
    "commander": {
      "version": "2.14.1",
      "resolved": "https://registry.npmjs.org/commander/-/commander-2.14.1.tgz",
      "integrity": "sha512-+YR16o3rK53SmWHU3rEM3tPAh2rwb1yPcQX5irVn7mb0gXbwuCCrnkbV5+PBfETdfg1vui07nM6PCG1zndcjQw=="
    },
    "core-js": {
      "version": "2.5.3",
      "resolved": "https://registry.npmjs.org/core-js/-/core-js-2.5.3.tgz",
      "integrity": "sha1-isw4NFgk8W2DZbfJtCWRaOjtYD4="
    },
    "dom-walk": {
      "version": "0.1.1",
      "resolved": "https://registry.npmjs.org/dom-walk/-/dom-walk-0.1.1.tgz",
      "integrity": "sha1-ZyIm3HTI95mtNTB9+TaroRrNYBg="
    },
    "es5-shim": {
      "version": "4.5.10",
      "resolved": "https://registry.npmjs.org/es5-shim/-/es5-shim-4.5.10.tgz",
      "integrity": "sha512-vmryBdqKRO8Ei9LJ4yyEk/EOmAOGIagcHDYPpTAi6pot4IMHS1AC2q5cTKPmydpijg2iX8DVmCuqgrNxIWj8Yg=="
    },
    "fingerprintjs2": {
      "version": "1.6.1",
      "resolved": "https://registry.npmjs.org/fingerprintjs2/-/fingerprintjs2-1.6.1.tgz",
      "integrity": "sha1-5fOvNDYcdLE+EqOAxRQY2rdtYoA="
    },
    "for-each": {
      "version": "0.3.2",
      "resolved": "https://registry.npmjs.org/for-each/-/for-each-0.3.2.tgz",
      "integrity": "sha1-LEBFC5NI6X8oEyJZO6lnBLmr1NQ=",
      "requires": {
        "is-function": "1.0.1"
      }
    },
    "global": {
      "version": "4.3.2",
      "resolved": "https://registry.npmjs.org/global/-/global-4.3.2.tgz",
      "integrity": "sha1-52mJJopsdMOJCLEwWxD8DjlOnQ8=",
      "requires": {
        "min-document": "2.19.0",
        "process": "0.5.2"
      }
    },
    "individual": {
      "version": "2.0.0",
      "resolved": "https://registry.npmjs.org/individual/-/individual-2.0.0.tgz",
      "integrity": "sha1-gzsJfa0jKU52EXqY+zjg2a1hu5c="
    },
    "is-function": {
      "version": "1.0.1",
      "resolved": "https://registry.npmjs.org/is-function/-/is-function-1.0.1.tgz",
      "integrity": "sha1-Es+5i2W1fdPRk6MSH19uL0N2ArU="
    },
    "min-document": {
      "version": "2.19.0",
      "resolved": "https://registry.npmjs.org/min-document/-/min-document-2.19.0.tgz",
      "integrity": "sha1-e9KC4/WELtKVu3SM3Z8f+iyCRoU=",
      "requires": {
        "dom-walk": "0.1.1"
      }
    },
    "ntypescript": {
      "version": "1.201706190042.1",
      "resolved": "https://registry.npmjs.org/ntypescript/-/ntypescript-1.201706190042.1.tgz",
      "integrity": "sha1-hmrpzDZoixQWBhVu0LzDXN9TYnE="
    },
    "parse-headers": {
      "version": "2.0.1",
      "resolved": "https://registry.npmjs.org/parse-headers/-/parse-headers-2.0.1.tgz",
      "integrity": "sha1-aug6eqJanZtwCswoaYzR8e1+lTY=",
      "requires": {
        "for-each": "0.3.2",
        "trim": "0.0.1"
      }
    },
    "process": {
      "version": "0.5.2",
      "resolved": "https://registry.npmjs.org/process/-/process-0.5.2.tgz",
      "integrity": "sha1-FjjYqONML0QKkduVq5rrZ3/Bhc8="
    },
    "regenerator-runtime": {
      "version": "0.11.1",
      "resolved": "https://registry.npmjs.org/regenerator-runtime/-/regenerator-runtime-0.11.1.tgz",
      "integrity": "sha512-MguG95oij0fC3QV3URf4V2SDYGJhJnJGqvIIgdECeODCT98wSWDAJ94SSuVpYQUoTcGUIL6L4yNB7j1DFFHSBg=="
    },
    "rollup-plugin-uglify": {
      "version": "2.0.1",
      "resolved": "https://registry.npmjs.org/rollup-plugin-uglify/-/rollup-plugin-uglify-2.0.1.tgz",
      "integrity": "sha1-Z7N60e/a+9g69MNrQMGJ7khmyWk=",
      "requires": {
        "uglify-js": "3.3.13"
      },
      "dependencies": {
        "uglify-js": {
          "version": "3.3.13",
          "resolved": "https://registry.npmjs.org/uglify-js/-/uglify-js-3.3.13.tgz",
          "integrity": "sha512-7rdn/bDOG1ElSTPdh7AI5TCjLv63ZD4k8BBadN3ssIkhlaQL2c0yRxmXCyOYhZK0wZTgGgUSnYQ4CGu+Jos5cA==",
          "requires": {
            "commander": "2.14.1",
            "source-map": "0.6.1"
          }
        }
      }
    },
    "rust-result": {
      "version": "1.0.0",
      "resolved": "https://registry.npmjs.org/rust-result/-/rust-result-1.0.0.tgz",
      "integrity": "sha1-NMdbLm3Dn+WHXlveyFteD5FTb3I=",
      "requires": {
        "individual": "2.0.0"
      }
    },
    "safe-json-parse": {
      "version": "4.0.0",
      "resolved": "https://registry.npmjs.org/safe-json-parse/-/safe-json-parse-4.0.0.tgz",
      "integrity": "sha1-fA9XjPzNEtM6ccDgVBPi7KFx6qw=",
      "requires": {
        "rust-result": "1.0.0"
      }
    },
    "sax": {
      "version": "1.2.4",
      "resolved": "https://registry.npmjs.org/sax/-/sax-1.2.4.tgz",
      "integrity": "sha512-NqVDv9TpANUjFm0N8uM5GxL36UgKi9/atZw+x7YFnQ8ckwFGKrl4xX4yWtrey3UJm5nP1kUbnYgLopqWNSRhWw=="
    },
    "source-map": {
      "version": "0.6.1",
      "resolved": "https://registry.npmjs.org/source-map/-/source-map-0.6.1.tgz",
      "integrity": "sha512-UjgapumWlbMhkBgzT7Ykc5YXUT46F0iKu8SGXq0bcwP5dz/h0Plj6enJqjz1Zbq2l5WaqYnrVbwWOWMyF3F47g=="
    },
    "trim": {
      "version": "0.0.1",
      "resolved": "https://registry.npmjs.org/trim/-/trim-0.0.1.tgz",
      "integrity": "sha1-WFhUf2spB1fulczMZm+1AITEYN0="
    },
    "tsml": {
      "version": "1.0.1",
      "resolved": "https://registry.npmjs.org/tsml/-/tsml-1.0.1.tgz",
      "integrity": "sha1-ifghi52eJX9H1/a1bQHFpNLGj8M="
    },
    "uglify-es": {
      "version": "3.3.9",
      "resolved": "https://registry.npmjs.org/uglify-es/-/uglify-es-3.3.9.tgz",
      "integrity": "sha512-r+MU0rfv4L/0eeW3xZrd16t4NZfK8Ld4SWVglYBb7ez5uXFWHuVRs6xCTrf1yirs9a4j4Y27nn7SRfO6v67XsQ==",
      "requires": {
        "commander": "2.13.0",
        "source-map": "0.6.1"
      },
      "dependencies": {
        "commander": {
          "version": "2.13.0",
          "resolved": "https://registry.npmjs.org/commander/-/commander-2.13.0.tgz",
          "integrity": "sha512-MVuS359B+YzaWqjCL/c+22gfryv+mCBPHAv3zyVI2GN8EY6IRP8VwtasXn8jyyhvvq84R4ImN1OKRtcbIasjYA=="
        }
      }
    },
    "video.js": {
      "version": "6.6.3",
      "resolved": "https://registry.npmjs.org/video.js/-/video.js-6.6.3.tgz",
      "integrity": "sha512-kSTpyEEBt29LAiNHHK5HCnyWfTsnsSWEjTAjuHcAPfhChmw4uLN/vL9iVMNeDP8t/wf/9CL30hzOa42VdRcmTg==",
      "requires": {
        "babel-runtime": "6.26.0",
        "global": "4.3.2",
        "safe-json-parse": "4.0.0",
        "tsml": "1.0.1",
        "videojs-font": "2.1.0",
        "videojs-ie8": "1.1.2",
        "videojs-vtt.js": "0.12.4",
        "xhr": "2.4.0"
      }
    },
    "videojs-font": {
      "version": "2.1.0",
      "resolved": "https://registry.npmjs.org/videojs-font/-/videojs-font-2.1.0.tgz",
      "integrity": "sha1-olkwpn9snPvyu4jay4xrRR8JM3k="
    },
    "videojs-ie8": {
      "version": "1.1.2",
      "resolved": "https://registry.npmjs.org/videojs-ie8/-/videojs-ie8-1.1.2.tgz",
      "integrity": "sha1-oj09hgitcZK2nGB3/E64SJmNNdk=",
      "requires": {
        "es5-shim": "4.5.10"
      }
    },
    "videojs-vtt.js": {
      "version": "0.12.4",
      "resolved": "https://registry.npmjs.org/videojs-vtt.js/-/videojs-vtt.js-0.12.4.tgz",
      "integrity": "sha1-OPJJnjHvs/qTWQ3a1MtmMnWksWE=",
      "requires": {
        "global": "4.3.2"
      }
    },
    "vmap-kit": {
      "version": "1.0.12",
      "resolved": "https://registry.npmjs.org/vmap-kit/-/vmap-kit-1.0.12.tgz",
      "integrity": "sha512-DsHppN0ZOR0krQQUM/47SdBVhFMcWObjfD/3cMMfJjmAyAC2R2jRNkdSyv3V+mTKP3u3tEhO1m+N8Q9w4ednwQ==",
      "requires": {
        "@types/xml-js": "1.0.0",
        "fingerprintjs2": "1.6.1",
        "ntypescript": "1.201706190042.1",
        "rollup-plugin-uglify": "2.0.1",
        "uglify-es": "3.3.9",
        "video.js": "6.6.3",
        "xml-js": "1.6.2"
      }
    },
    "xhr": {
      "version": "2.4.0",
      "resolved": "https://registry.npmjs.org/xhr/-/xhr-2.4.0.tgz",
      "integrity": "sha1-4W5mpF+GmGHu76tBbV7/ci3ECZM=",
      "requires": {
        "global": "4.3.2",
        "is-function": "1.0.1",
        "parse-headers": "2.0.1",
        "xtend": "4.0.1"
      }
    },
    "xml-js": {
      "version": "1.6.2",
      "resolved": "https://registry.npmjs.org/xml-js/-/xml-js-1.6.2.tgz",
      "integrity": "sha512-7SyYB9qfahPf+0eu0W2dZbFzcjk9dDiKRMbQGwSsaTCCiUG0NOawi3CjSJRPOGsS6C6poOoMfYaLc4HZJWjlLw==",
      "requires": {
        "sax": "1.2.4"
      }
    },
    "xtend": {
      "version": "4.0.1",
      "resolved": "https://registry.npmjs.org/xtend/-/xtend-4.0.1.tgz",
      "integrity": "sha1-pcbVMr5lbiPbgg77lDofBJmNY68="
    }
  }
}
